
Microsoft Visual Studio Solution File, Format Version 12.00
# Visual Studio Version 17
VisualStudioVersion = 17.2.32505.173
MinimumVisualStudioVersion = 10.0.40219.1
Project("{FAE04EC0-301F-11D3-BF4B-00C04F79EFBC}") = "213218_Mid_Term", "213218_Mid_Term\213218_Mid_Term.csproj", "{8BAEC451-0CE2-4788-B097-2418346ECEC4}"
EndProject
Global
	GlobalSection(SolutionConfigurationPlatforms) = preSolution
		Debug|Any CPU = Debug|Any CPU
		Release|Any CPU = Release|Any CPU
	EndGlobalSection
	GlobalSection(ProjectConfigurationPlatforms) = postSolution
		{8BAEC451-0CE2-4788-B097-2418346ECEC4}.Debug|Any CPU.ActiveCfg = Debug|Any CPU
		{8BAEC451-0CE2-4788-B097-2418346ECEC4}.Debug|Any CPU.Build.0 = Debug|Any CPU
		{8BAEC451-0CE2-4788-B097-2418346ECEC4}.Release|Any CPU.ActiveCfg = Release|Any CPU
		{8BAEC451-0CE2-4788-B097-2418346ECEC4}.Release|Any CPU.Build.0 = Release|Any CPU
	EndGlobalSection
	GlobalSection(SolutionProperties) = preSolution
		HideSolutionNode = FALSE
	EndGlobalSection
	GlobalSection(ExtensibilityGlobals) = postSolution
		SolutionGuid = {9217688C-9956-4C61-B667-9B850430585D}
	EndGlobalSection
EndGlobal
